
Microsoft Visual Studio Solution File, Format Version 12.00
# Visual Studio Version 17
VisualStudioVersion = 17.2.32602.215
MinimumVisualStudioVersion = 10.0.40219.1
Project("{FAE04EC0-301F-11D3-BF4B-00C04F79EFBC}") = "final", "final.csproj", "{295BB450-DC54-4FEC-9615-5B564F3FE542}"
EndProject
Global
	GlobalSection(SolutionConfigurationPlatforms) = preSolution
		Debug|Any CPU = Debug|Any CPU
		Release|Any CPU = Release|Any CPU
	EndGlobalSection
	GlobalSection(ProjectConfigurationPlatforms) = postSolution
		{295BB450-DC54-4FEC-9615-5B564F3FE542}.Debug|Any CPU.ActiveCfg = Debug|Any CPU
		{295BB450-DC54-4FEC-9615-5B564F3FE542}.Debug|Any CPU.Build.0 = Debug|Any CPU
		{295BB450-DC54-4FEC-9615-5B564F3FE542}.Release|Any CPU.ActiveCfg = Release|Any CPU
		{295BB450-DC54-4FEC-9615-5B564F3FE542}.Release|Any CPU.Build.0 = Release|Any CPU
	EndGlobalSection
	GlobalSection(SolutionProperties) = preSolution
		HideSolutionNode = FALSE
	EndGlobalSection
	GlobalSection(ExtensibilityGlobals) = postSolution
		SolutionGuid = {4EC3E926-6C55-4985-A2C7-76F6DBBEC878}
	EndGlobalSection
EndGlobal
